
Microsoft Visual Studio Solution File, Format Version 12.00
# Visual Studio 14
VisualStudioVersion = 14.0.25420.1
MinimumVisualStudioVersion = 10.0.40219.1
Project("{8BC9CEB8-8B4A-11D0-8D11-00A0C91BC942}") = "simclient", "simclient\simclient.vcxproj", "{BD159298-4DBA-413B-A342-F860687B4207}"
EndProject
Project("{2150E333-8FDC-42A3-9474-1A3956D46DE8}") = "Solution Items", "Solution Items", "{A184993B-7628-455F-93A1-CD2909A62CE7}"
EndProject
Global
	GlobalSection(SolutionConfigurationPlatforms) = preSolution
		Debug|x64 = Debug|x64
		Debug|x86 = Debug|x86
		Release|x64 = Release|x64
		Release|x86 = Release|x86
	EndGlobalSection
	GlobalSection(ProjectConfigurationPlatforms) = postSolution
		{BD159298-4DBA-413B-A342-F860687B4207}.Debug|x64.ActiveCfg = Debug|x64
		{BD159298-4DBA-413B-A342-F860687B4207}.Debug|x64.Build.0 = Debug|x64
		{BD159298-4DBA-413B-A342-F860687B4207}.Debug|x86.ActiveCfg = Debug|Win32
		{BD159298-4DBA-413B-A342-F860687B4207}.Debug|x86.Build.0 = Debug|Win32
		{BD159298-4DBA-413B-A342-F860687B4207}.Release|x64.ActiveCfg = Release|x64
		{BD159298-4DBA-413B-A342-F860687B4207}.Release|x64.Build.0 = Release|x64
		{BD159298-4DBA-413B-A342-F860687B4207}.Release|x86.ActiveCfg = Release|Win32
		{BD159298-4DBA-413B-A342-F860687B4207}.Release|x86.Build.0 = Release|Win32
	EndGlobalSection
	GlobalSection(SolutionProperties) = preSolution
		HideSolutionNode = FALSE
	EndGlobalSection
EndGlobal
